
Microsoft Visual Studio Solution File, Format Version 12.00
# Visual Studio Version 17
VisualStudioVersion = 17.7.34009.444
MinimumVisualStudioVersion = 10.0.40219.1
Project("{FAE04EC0-301F-11D3-BF4B-00C04F79EFBC}") = "UnitTest", "UnitTest.csproj", "{C1A98FCE-8BB0-4559-B358-588192FF6E9C}"
EndProject
Global
	GlobalSection(SolutionConfigurationPlatforms) = preSolution
		Debug|Any CPU = Debug|Any CPU
		Release|Any CPU = Release|Any CPU
	EndGlobalSection
	GlobalSection(ProjectConfigurationPlatforms) = postSolution
		{C1A98FCE-8BB0-4559-B358-588192FF6E9C}.Debug|Any CPU.ActiveCfg = Debug|Any CPU
		{C1A98FCE-8BB0-4559-B358-588192FF6E9C}.Debug|Any CPU.Build.0 = Debug|Any CPU
		{C1A98FCE-8BB0-4559-B358-588192FF6E9C}.Release|Any CPU.ActiveCfg = Release|Any CPU
		{C1A98FCE-8BB0-4559-B358-588192FF6E9C}.Release|Any CPU.Build.0 = Release|Any CPU
	EndGlobalSection
	GlobalSection(SolutionProperties) = preSolution
		HideSolutionNode = FALSE
	EndGlobalSection
	GlobalSection(ExtensibilityGlobals) = postSolution
		SolutionGuid = {83C4314F-4256-4ED9-85EE-0EA19B880AE5}
	EndGlobalSection
EndGlobal
